
Microsoft Visual Studio Solution File, Format Version 12.00
# Visual Studio 15
VisualStudioVersion = 15.0.28307.779
MinimumVisualStudioVersion = 10.0.40219.1
Project("{8BC9CEB8-8B4A-11D0-8D11-00A0C91BC942}") = "SandBox", "SandBox\SandBox.vcxproj", "{AECCCF1D-9B8B-4FF5-B284-B04B72873AA1}"
EndProject
Project("{8BC9CEB8-8B4A-11D0-8D11-00A0C91BC942}") = "LREngine", "LREngine\LREngine.vcxproj", "{7A163CDD-EEF9-4157-8FB3-7C26891E9DFB}"
EndProject
Global
	GlobalSection(SolutionConfigurationPlatforms) = preSolution
		Debug|x64 = Debug|x64
		Release|x64 = Release|x64
	EndGlobalSection
	GlobalSection(ProjectConfigurationPlatforms) = postSolution
		{7A163CDD-EEF9-4157-8FB3-7C26891E9DFB}.Debug|x64.ActiveCfg = Debug|x64
		{7A163CDD-EEF9-4157-8FB3-7C26891E9DFB}.Debug|x64.Build.0 = Debug|x64
		{7A163CDD-EEF9-4157-8FB3-7C26891E9DFB}.Release|x64.ActiveCfg = Release|x64
		{7A163CDD-EEF9-4157-8FB3-7C26891E9DFB}.Release|x64.Build.0 = Release|x64
		{AECCCF1D-9B8B-4FF5-B284-B04B72873AA1}.Debug|x64.ActiveCfg = Debug|x64
		{AECCCF1D-9B8B-4FF5-B284-B04B72873AA1}.Debug|x64.Build.0 = Debug|x64
		{AECCCF1D-9B8B-4FF5-B284-B04B72873AA1}.Release|x64.ActiveCfg = Release|x64
		{AECCCF1D-9B8B-4FF5-B284-B04B72873AA1}.Release|x64.Build.0 = Release|x64
	EndGlobalSection
	GlobalSection(SolutionProperties) = preSolution
		HideSolutionNode = FALSE
	EndGlobalSection
	GlobalSection(ExtensibilityGlobals) = postSolution
		SolutionGuid = {15370DC4-7B43-43D1-84FD-40A5060AA5CD}
	EndGlobalSection
EndGlobal
